
Microsoft Visual Studio Solution File, Format Version 12.00
# Visual Studio Version 17
VisualStudioVersion = 17.5.33516.290
MinimumVisualStudioVersion = 10.0.40219.1
Project("{FAE04EC0-301F-11D3-BF4B-00C04F79EFBC}") = "Powers Table", "Powers Table\Powers Table.csproj", "{DC5AE3D7-F28E-44D6-9250-D0E7A742DB42}"
EndProject
Global
	GlobalSection(SolutionConfigurationPlatforms) = preSolution
		Debug|Any CPU = Debug|Any CPU
		Release|Any CPU = Release|Any CPU
	EndGlobalSection
	GlobalSection(ProjectConfigurationPlatforms) = postSolution
		{DC5AE3D7-F28E-44D6-9250-D0E7A742DB42}.Debug|Any CPU.ActiveCfg = Debug|Any CPU
		{DC5AE3D7-F28E-44D6-9250-D0E7A742DB42}.Debug|Any CPU.Build.0 = Debug|Any CPU
		{DC5AE3D7-F28E-44D6-9250-D0E7A742DB42}.Release|Any CPU.ActiveCfg = Release|Any CPU
		{DC5AE3D7-F28E-44D6-9250-D0E7A742DB42}.Release|Any CPU.Build.0 = Release|Any CPU
	EndGlobalSection
	GlobalSection(SolutionProperties) = preSolution
		HideSolutionNode = FALSE
	EndGlobalSection
	GlobalSection(ExtensibilityGlobals) = postSolution
		SolutionGuid = {EF84A7FC-DAAC-40F8-BDE3-D5185C3C6163}
	EndGlobalSection
EndGlobal
